<?xml version="1.0" encoding="UTF-8" standalone="yes" ?>
<CodeBlocks_project_file>
	<FileVersion major="1" minor="6" />
	<Project>
		<Option title="OC_ExercicePOO_1" />
		<Option pch_mode="2" />
		<Option compiler="gcc" />
		<Build>
			<Target title="Debug">
				<Option output="bin/Debug/OC_ExercicePOO_1" prefix_auto="1" extension_auto="1" />
				<Option object_output="obj/Debug/" />
				<Option type="1" />
				<Option compiler="gcc" />
				<Compiler>
					<Add option="-g" />
				</Compiler>
			</Target>
			<Target title="Release">
				<Option output="bin/Release/OC_ExercicePOO_1" prefix_auto="1" extension_auto="1" />
				<Option object_output="obj/Release/" />
				<Option type="1" />
				<Option compiler="gcc" />
				<Compiler>
					<Add option="-O2" />
				</Compiler>
				<Linker>
					<Add option="-s" />
				</Linker>
			</Target>
		</Build>
		<Compiler>
			<Add option="-Wall" />
			<Add option="-fexceptions" />
		</Compiler>
		<Unit filename="Arme.cpp" />
		<Unit filename="Arme.hpp" />
		<Unit filename="Level.cpp" />
		<Unit filename="Level.hpp" />
		<Unit filename="LocalizationManager.cpp" />
		<Unit filename="LocalizationManager.hpp" />
		<Unit filename="Personnage.cpp" />
		<Unit filename="Personnage.hpp" />
		<Unit filename="UserInterface.cpp" />
		<Unit filename="UserInterface.hpp" />
		<Unit filename="lang/en.lang" />
		<Unit filename="lang/fr.lang" />
		<Unit filename="main.cpp" />
		<Extensions />
	</Project>
</CodeBlocks_project_file>
